
Microsoft Visual Studio Solution File, Format Version 12.00
# Visual Studio 2013
VisualStudioVersion = 12.0.31101.0
MinimumVisualStudioVersion = 10.0.40219.1
Project("{FAE04EC0-301F-11D3-BF4B-00C04F79EFBC}") = "Training.Droid", "Training\Training.Droid\Training.Droid.csproj", "{89D9D504-16B0-4C27-8AF9-104BBD7F6F0B}"
EndProject
Project("{FAE04EC0-301F-11D3-BF4B-00C04F79EFBC}") = "Training.iOS", "Training\Training.iOS\Training.iOS.csproj", "{A33A004F-BC49-41A8-BB39-824985F3E888}"
EndProject
Project("{FAE04EC0-301F-11D3-BF4B-00C04F79EFBC}") = "Training.WinPhone", "Training\Training.WinPhone\Training.WinPhone.csproj", "{05C66752-09C6-423A-8117-823289621DF5}"
EndProject
Project("{FAE04EC0-301F-11D3-BF4B-00C04F79EFBC}") = "Training", "Training\Training\Training.csproj", "{BA445B79-F0D7-485A-AC54-8880E6930033}"
EndProject
Global
	GlobalSection(SolutionConfigurationPlatforms) = preSolution
		Ad-Hoc|Any CPU = Ad-Hoc|Any CPU
		Ad-Hoc|ARM = Ad-Hoc|ARM
		Ad-Hoc|iPhone = Ad-Hoc|iPhone
		Ad-Hoc|iPhoneSimulator = Ad-Hoc|iPhoneSimulator
		Ad-Hoc|Mixed Platforms = Ad-Hoc|Mixed Platforms
		Ad-Hoc|x86 = Ad-Hoc|x86
		AppStore|Any CPU = AppStore|Any CPU
		AppStore|ARM = AppStore|ARM
		AppStore|iPhone = AppStore|iPhone
		AppStore|iPhoneSimulator = AppStore|iPhoneSimulator
		AppStore|Mixed Platforms = AppStore|Mixed Platforms
		AppStore|x86 = AppStore|x86
		Debug|Any CPU = Debug|Any CPU
		Debug|ARM = Debug|ARM
		Debug|iPhone = Debug|iPhone
		Debug|iPhoneSimulator = Debug|iPhoneSimulator
		Debug|Mixed Platforms = Debug|Mixed Platforms
		Debug|x86 = Debug|x86
		Release|Any CPU = Release|Any CPU
		Release|ARM = Release|ARM
		Release|iPhone = Release|iPhone
		Release|iPhoneSimulator = Release|iPhoneSimulator
		Release|Mixed Platforms = Release|Mixed Platforms
		Release|x86 = Release|x86
	EndGlobalSection
	GlobalSection(ProjectConfigurationPlatforms) = postSolution
		{89D9D504-16B0-4C27-8AF9-104BBD7F6F0B}.Ad-Hoc|Any CPU.ActiveCfg = Release|Any CPU
		{89D9D504-16B0-4C27-8AF9-104BBD7F6F0B}.Ad-Hoc|Any CPU.Build.0 = Release|Any CPU
		{89D9D504-16B0-4C27-8AF9-104BBD7F6F0B}.Ad-Hoc|Any CPU.Deploy.0 = Release|Any CPU
		{89D9D504-16B0-4C27-8AF9-104BBD7F6F0B}.Ad-Hoc|ARM.ActiveCfg = Release|Any CPU
		{89D9D504-16B0-4C27-8AF9-104BBD7F6F0B}.Ad-Hoc|iPhone.ActiveCfg = Release|Any CPU
		{89D9D504-16B0-4C27-8AF9-104BBD7F6F0B}.Ad-Hoc|iPhoneSimulator.ActiveCfg = Release|Any CPU
		{89D9D504-16B0-4C27-8AF9-104BBD7F6F0B}.Ad-Hoc|Mixed Platforms.ActiveCfg = Release|Any CPU
		{89D9D504-16B0-4C27-8AF9-104BBD7F6F0B}.Ad-Hoc|Mixed Platforms.Build.0 = Release|Any CPU
		{89D9D504-16B0-4C27-8AF9-104BBD7F6F0B}.Ad-Hoc|Mixed Platforms.Deploy.0 = Release|Any CPU
		{89D9D504-16B0-4C27-8AF9-104BBD7F6F0B}.Ad-Hoc|x86.ActiveCfg = Release|Any CPU
		{89D9D504-16B0-4C27-8AF9-104BBD7F6F0B}.AppStore|Any CPU.ActiveCfg = Release|Any CPU
		{89D9D504-16B0-4C27-8AF9-104BBD7F6F0B}.AppStore|Any CPU.Build.0 = Release|Any CPU
		{89D9D504-16B0-4C27-8AF9-104BBD7F6F0B}.AppStore|Any CPU.Deploy.0 = Release|Any CPU
		{89D9D504-16B0-4C27-8AF9-104BBD7F6F0B}.AppStore|ARM.ActiveCfg = Release|Any CPU
		{89D9D504-16B0-4C27-8AF9-104BBD7F6F0B}.AppStore|iPhone.ActiveCfg = Release|Any CPU
		{89D9D504-16B0-4C27-8AF9-104BBD7F6F0B}.AppStore|iPhoneSimulator.ActiveCfg = Release|Any CPU
		{89D9D504-16B0-4C27-8AF9-104BBD7F6F0B}.AppStore|Mixed Platforms.ActiveCfg = Release|Any CPU
		{89D9D504-16B0-4C27-8AF9-104BBD7F6F0B}.AppStore|Mixed Platforms.Build.0 = Release|Any CPU
		{89D9D504-16B0-4C27-8AF9-104BBD7F6F0B}.AppStore|Mixed Platforms.Deploy.0 = Release|Any CPU
		{89D9D504-16B0-4C27-8AF9-104BBD7F6F0B}.AppStore|x86.ActiveCfg = Release|Any CPU
		{89D9D504-16B0-4C27-8AF9-104BBD7F6F0B}.Debug|Any CPU.ActiveCfg = Debug|Any CPU
		{89D9D504-16B0-4C27-8AF9-104BBD7F6F0B}.Debug|Any CPU.Build.0 = Debug|Any CPU
		{89D9D504-16B0-4C27-8AF9-104BBD7F6F0B}.Debug|Any CPU.Deploy.0 = Debug|Any CPU
		{89D9D504-16B0-4C27-8AF9-104BBD7F6F0B}.Debug|ARM.ActiveCfg = Debug|Any CPU
		{89D9D504-16B0-4C27-8AF9-104BBD7F6F0B}.Debug|iPhone.ActiveCfg = Debug|Any CPU
		{89D9D504-16B0-4C27-8AF9-104BBD7F6F0B}.Debug|iPhoneSimulator.ActiveCfg = Debug|Any CPU
		{89D9D504-16B0-4C27-8AF9-104BBD7F6F0B}.Debug|Mixed Platforms.ActiveCfg = Debug|Any CPU
		{89D9D504-16B0-4C27-8AF9-104BBD7F6F0B}.Debug|Mixed Platforms.Build.0 = Debug|Any CPU
		{89D9D504-16B0-4C27-8AF9-104BBD7F6F0B}.Debug|Mixed Platforms.Deploy.0 = Debug|Any CPU
		{89D9D504-16B0-4C27-8AF9-104BBD7F6F0B}.Debug|x86.ActiveCfg = Debug|Any CPU
		{89D9D504-16B0-4C27-8AF9-104BBD7F6F0B}.Release|Any CPU.ActiveCfg = Release|Any CPU
		{89D9D504-16B0-4C27-8AF9-104BBD7F6F0B}.Release|Any CPU.Build.0 = Release|Any CPU
		{89D9D504-16B0-4C27-8AF9-104BBD7F6F0B}.Release|Any CPU.Deploy.0 = Release|Any CPU
		{89D9D504-16B0-4C27-8AF9-104BBD7F6F0B}.Release|ARM.ActiveCfg = Release|Any CPU
		{89D9D504-16B0-4C27-8AF9-104BBD7F6F0B}.Release|iPhone.ActiveCfg = Release|Any CPU
		{89D9D504-16B0-4C27-8AF9-104BBD7F6F0B}.Release|iPhoneSimulator.ActiveCfg = Release|Any CPU
		{89D9D504-16B0-4C27-8AF9-104BBD7F6F0B}.Release|Mixed Platforms.ActiveCfg = Release|Any CPU
		{89D9D504-16B0-4C27-8AF9-104BBD7F6F0B}.Release|Mixed Platforms.Build.0 = Release|Any CPU
		{89D9D504-16B0-4C27-8AF9-104BBD7F6F0B}.Release|Mixed Platforms.Deploy.0 = Release|Any CPU
		{89D9D504-16B0-4C27-8AF9-104BBD7F6F0B}.Release|x86.ActiveCfg = Release|Any CPU
		{A33A004F-BC49-41A8-BB39-824985F3E888}.Ad-Hoc|Any CPU.ActiveCfg = Ad-Hoc|iPhone
		{A33A004F-BC49-41A8-BB39-824985F3E888}.Ad-Hoc|ARM.ActiveCfg = Ad-Hoc|iPhone
		{A33A004F-BC49-41A8-BB39-824985F3E888}.Ad-Hoc|iPhone.ActiveCfg = Ad-Hoc|iPhone
		{A33A004F-BC49-41A8-BB39-824985F3E888}.Ad-Hoc|iPhone.Build.0 = Ad-Hoc|iPhone
		{A33A004F-BC49-41A8-BB39-824985F3E888}.Ad-Hoc|iPhoneSimulator.ActiveCfg = Ad-Hoc|iPhoneSimulator
		{A33A004F-BC49-41A8-BB39-824985F3E888}.Ad-Hoc|iPhoneSimulator.Build.0 = Ad-Hoc|iPhoneSimulator
		{A33A004F-BC49-41A8-BB39-824985F3E888}.Ad-Hoc|Mixed Platforms.ActiveCfg = Ad-Hoc|iPhone
		{A33A004F-BC49-41A8-BB39-824985F3E888}.Ad-Hoc|Mixed Platforms.Build.0 = Ad-Hoc|iPhone
		{A33A004F-BC49-41A8-BB39-824985F3E888}.Ad-Hoc|x86.ActiveCfg = Ad-Hoc|iPhone
		{A33A004F-BC49-41A8-BB39-824985F3E888}.AppStore|Any CPU.ActiveCfg = AppStore|iPhone
		{A33A004F-BC49-41A8-BB39-824985F3E888}.AppStore|ARM.ActiveCfg = AppStore|iPhone
		{A33A004F-BC49-41A8-BB39-824985F3E888}.AppStore|iPhone.ActiveCfg = AppStore|iPhone
		{A33A004F-BC49-41A8-BB39-824985F3E888}.AppStore|iPhone.Build.0 = AppStore|iPhone
		{A33A004F-BC49-41A8-BB39-824985F3E888}.AppStore|iPhoneSimulator.ActiveCfg = AppStore|iPhoneSimulator
		{A33A004F-BC49-41A8-BB39-824985F3E888}.AppStore|iPhoneSimulator.Build.0 = AppStore|iPhoneSimulator
		{A33A004F-BC49-41A8-BB39-824985F3E888}.AppStore|Mixed Platforms.ActiveCfg = AppStore|iPhone
		{A33A004F-BC49-41A8-BB39-824985F3E888}.AppStore|Mixed Platforms.Build.0 = AppStore|iPhone
		{A33A004F-BC49-41A8-BB39-824985F3E888}.AppStore|x86.ActiveCfg = AppStore|iPhone
		{A33A004F-BC49-41A8-BB39-824985F3E888}.Debug|Any CPU.ActiveCfg = Debug|iPhone
		{A33A004F-BC49-41A8-BB39-824985F3E888}.Debug|ARM.ActiveCfg = Debug|iPhone
		{A33A004F-BC49-41A8-BB39-824985F3E888}.Debug|iPhone.ActiveCfg = Debug|iPhone
		{A33A004F-BC49-41A8-BB39-824985F3E888}.Debug|iPhone.Build.0 = Debug|iPhone
		{A33A004F-BC49-41A8-BB39-824985F3E888}.Debug|iPhoneSimulator.ActiveCfg = Debug|iPhoneSimulator
		{A33A004F-BC49-41A8-BB39-824985F3E888}.Debug|iPhoneSimulator.Build.0 = Debug|iPhoneSimulator
		{A33A004F-BC49-41A8-BB39-824985F3E888}.Debug|Mixed Platforms.ActiveCfg = Debug|iPhone
		{A33A004F-BC49-41A8-BB39-824985F3E888}.Debug|Mixed Platforms.Build.0 = Debug|iPhone
		{A33A004F-BC49-41A8-BB39-824985F3E888}.Debug|x86.ActiveCfg = Debug|iPhone
		{A33A004F-BC49-41A8-BB39-824985F3E888}.Release|Any CPU.ActiveCfg = Release|iPhone
		{A33A004F-BC49-41A8-BB39-824985F3E888}.Release|ARM.ActiveCfg = Release|iPhone
		{A33A004F-BC49-41A8-BB39-824985F3E888}.Release|iPhone.ActiveCfg = Release|iPhone
		{A33A004F-BC49-41A8-BB39-824985F3E888}.Release|iPhone.Build.0 = Release|iPhone
		{A33A004F-BC49-41A8-BB39-824985F3E888}.Release|iPhoneSimulator.ActiveCfg = Release|iPhoneSimulator
		{A33A004F-BC49-41A8-BB39-824985F3E888}.Release|iPhoneSimulator.Build.0 = Release|iPhoneSimulator
		{A33A004F-BC49-41A8-BB39-824985F3E888}.Release|Mixed Platforms.ActiveCfg = Release|iPhone
		{A33A004F-BC49-41A8-BB39-824985F3E888}.Release|Mixed Platforms.Build.0 = Release|iPhone
		{A33A004F-BC49-41A8-BB39-824985F3E888}.Release|x86.ActiveCfg = Release|iPhone
		{05C66752-09C6-423A-8117-823289621DF5}.Ad-Hoc|Any CPU.ActiveCfg = Release|Any CPU
		{05C66752-09C6-423A-8117-823289621DF5}.Ad-Hoc|Any CPU.Build.0 = Release|Any CPU
		{05C66752-09C6-423A-8117-823289621DF5}.Ad-Hoc|Any CPU.Deploy.0 = Release|Any CPU
		{05C66752-09C6-423A-8117-823289621DF5}.Ad-Hoc|ARM.ActiveCfg = Release|ARM
		{05C66752-09C6-423A-8117-823289621DF5}.Ad-Hoc|ARM.Build.0 = Release|ARM
		{05C66752-09C6-423A-8117-823289621DF5}.Ad-Hoc|ARM.Deploy.0 = Release|ARM
		{05C66752-09C6-423A-8117-823289621DF5}.Ad-Hoc|iPhone.ActiveCfg = Release|Any CPU
		{05C66752-09C6-423A-8117-823289621DF5}.Ad-Hoc|iPhoneSimulator.ActiveCfg = Release|Any CPU
		{05C66752-09C6-423A-8117-823289621DF5}.Ad-Hoc|Mixed Platforms.ActiveCfg = Release|x86
		{05C66752-09C6-423A-8117-823289621DF5}.Ad-Hoc|Mixed Platforms.Build.0 = Release|x86
		{05C66752-09C6-423A-8117-823289621DF5}.Ad-Hoc|Mixed Platforms.Deploy.0 = Release|x86
		{05C66752-09C6-423A-8117-823289621DF5}.Ad-Hoc|x86.ActiveCfg = Release|x86
		{05C66752-09C6-423A-8117-823289621DF5}.Ad-Hoc|x86.Build.0 = Release|x86
		{05C66752-09C6-423A-8117-823289621DF5}.Ad-Hoc|x86.Deploy.0 = Release|x86
		{05C66752-09C6-423A-8117-823289621DF5}.AppStore|Any CPU.ActiveCfg = Release|Any CPU
		{05C66752-09C6-423A-8117-823289621DF5}.AppStore|Any CPU.Build.0 = Release|Any CPU
		{05C66752-09C6-423A-8117-823289621DF5}.AppStore|Any CPU.Deploy.0 = Release|Any CPU
		{05C66752-09C6-423A-8117-823289621DF5}.AppStore|ARM.ActiveCfg = Release|ARM
		{05C66752-09C6-423A-8117-823289621DF5}.AppStore|ARM.Build.0 = Release|ARM
		{05C66752-09C6-423A-8117-823289621DF5}.AppStore|ARM.Deploy.0 = Release|ARM
		{05C66752-09C6-423A-8117-823289621DF5}.AppStore|iPhone.ActiveCfg = Release|Any CPU
		{05C66752-09C6-423A-8117-823289621DF5}.AppStore|iPhoneSimulator.ActiveCfg = Release|Any CPU
		{05C66752-09C6-423A-8117-823289621DF5}.AppStore|Mixed Platforms.ActiveCfg = Release|x86
		{05C66752-09C6-423A-8117-823289621DF5}.AppStore|Mixed Platforms.Build.0 = Release|x86
		{05C66752-09C6-423A-8117-823289621DF5}.AppStore|Mixed Platforms.Deploy.0 = Release|x86
		{05C66752-09C6-423A-8117-823289621DF5}.AppStore|x86.ActiveCfg = Release|x86
		{05C66752-09C6-423A-8117-823289621DF5}.AppStore|x86.Build.0 = Release|x86
		{05C66752-09C6-423A-8117-823289621DF5}.AppStore|x86.Deploy.0 = Release|x86
		{05C66752-09C6-423A-8117-823289621DF5}.Debug|Any CPU.ActiveCfg = Debug|Any CPU
		{05C66752-09C6-423A-8117-823289621DF5}.Debug|Any CPU.Build.0 = Debug|Any CPU
		{05C66752-09C6-423A-8117-823289621DF5}.Debug|Any CPU.Deploy.0 = Debug|Any CPU
		{05C66752-09C6-423A-8117-823289621DF5}.Debug|ARM.ActiveCfg = Debug|ARM
		{05C66752-09C6-423A-8117-823289621DF5}.Debug|ARM.Build.0 = Debug|ARM
		{05C66752-09C6-423A-8117-823289621DF5}.Debug|ARM.Deploy.0 = Debug|ARM
		{05C66752-09C6-423A-8117-823289621DF5}.Debug|iPhone.ActiveCfg = Debug|Any CPU
		{05C66752-09C6-423A-8117-823289621DF5}.Debug|iPhoneSimulator.ActiveCfg = Debug|Any CPU
		{05C66752-09C6-423A-8117-823289621DF5}.Debug|Mixed Platforms.ActiveCfg = Debug|x86
		{05C66752-09C6-423A-8117-823289621DF5}.Debug|Mixed Platforms.Build.0 = Debug|x86
		{05C66752-09C6-423A-8117-823289621DF5}.Debug|Mixed Platforms.Deploy.0 = Debug|x86
		{05C66752-09C6-423A-8117-823289621DF5}.Debug|x86.ActiveCfg = Debug|x86
		{05C66752-09C6-423A-8117-823289621DF5}.Debug|x86.Build.0 = Debug|x86
		{05C66752-09C6-423A-8117-823289621DF5}.Debug|x86.Deploy.0 = Debug|x86
		{05C66752-09C6-423A-8117-823289621DF5}.Release|Any CPU.ActiveCfg = Release|Any CPU
		{05C66752-09C6-423A-8117-823289621DF5}.Release|Any CPU.Build.0 = Release|Any CPU
		{05C66752-09C6-423A-8117-823289621DF5}.Release|Any CPU.Deploy.0 = Release|Any CPU
		{05C66752-09C6-423A-8117-823289621DF5}.Release|ARM.ActiveCfg = Release|ARM
		{05C66752-09C6-423A-8117-823289621DF5}.Release|ARM.Build.0 = Release|ARM
		{05C66752-09C6-423A-8117-823289621DF5}.Release|ARM.Deploy.0 = Release|ARM
		{05C66752-09C6-423A-8117-823289621DF5}.Release|iPhone.ActiveCfg = Release|Any CPU
		{05C66752-09C6-423A-8117-823289621DF5}.Release|iPhoneSimulator.ActiveCfg = Release|Any CPU
		{05C66752-09C6-423A-8117-823289621DF5}.Release|Mixed Platforms.ActiveCfg = Release|x86
		{05C66752-09C6-423A-8117-823289621DF5}.Release|Mixed Platforms.Build.0 = Release|x86
		{05C66752-09C6-423A-8117-823289621DF5}.Release|Mixed Platforms.Deploy.0 = Release|x86
		{05C66752-09C6-423A-8117-823289621DF5}.Release|x86.ActiveCfg = Release|x86
		{05C66752-09C6-423A-8117-823289621DF5}.Release|x86.Build.0 = Release|x86
		{05C66752-09C6-423A-8117-823289621DF5}.Release|x86.Deploy.0 = Release|x86
		{BA445B79-F0D7-485A-AC54-8880E6930033}.Ad-Hoc|Any CPU.ActiveCfg = Release|Any CPU
		{BA445B79-F0D7-485A-AC54-8880E6930033}.Ad-Hoc|Any CPU.Build.0 = Release|Any CPU
		{BA445B79-F0D7-485A-AC54-8880E6930033}.Ad-Hoc|ARM.ActiveCfg = Release|Any CPU
		{BA445B79-F0D7-485A-AC54-8880E6930033}.Ad-Hoc|iPhone.ActiveCfg = Release|Any CPU
		{BA445B79-F0D7-485A-AC54-8880E6930033}.Ad-Hoc|iPhone.Build.0 = Release|Any CPU
		{BA445B79-F0D7-485A-AC54-8880E6930033}.Ad-Hoc|iPhoneSimulator.ActiveCfg = Release|Any CPU
		{BA445B79-F0D7-485A-AC54-8880E6930033}.Ad-Hoc|iPhoneSimulator.Build.0 = Release|Any CPU
		{BA445B79-F0D7-485A-AC54-8880E6930033}.Ad-Hoc|Mixed Platforms.ActiveCfg = Release|Any CPU
		{BA445B79-F0D7-485A-AC54-8880E6930033}.Ad-Hoc|Mixed Platforms.Build.0 = Release|Any CPU
		{BA445B79-F0D7-485A-AC54-8880E6930033}.Ad-Hoc|x86.ActiveCfg = Release|Any CPU
		{BA445B79-F0D7-485A-AC54-8880E6930033}.AppStore|Any CPU.ActiveCfg = Release|Any CPU
		{BA445B79-F0D7-485A-AC54-8880E6930033}.AppStore|Any CPU.Build.0 = Release|Any CPU
		{BA445B79-F0D7-485A-AC54-8880E6930033}.AppStore|ARM.ActiveCfg = Release|Any CPU
		{BA445B79-F0D7-485A-AC54-8880E6930033}.AppStore|iPhone.ActiveCfg = Release|Any CPU
		{BA445B79-F0D7-485A-AC54-8880E6930033}.AppStore|iPhone.Build.0 = Release|Any CPU
		{BA445B79-F0D7-485A-AC54-8880E6930033}.AppStore|iPhoneSimulator.ActiveCfg = Release|Any CPU
		{BA445B79-F0D7-485A-AC54-8880E6930033}.AppStore|iPhoneSimulator.Build.0 = Release|Any CPU
		{BA445B79-F0D7-485A-AC54-8880E6930033}.AppStore|Mixed Platforms.ActiveCfg = Release|Any CPU
		{BA445B79-F0D7-485A-AC54-8880E6930033}.AppStore|Mixed Platforms.Build.0 = Release|Any CPU
		{BA445B79-F0D7-485A-AC54-8880E6930033}.AppStore|x86.ActiveCfg = Release|Any CPU
		{BA445B79-F0D7-485A-AC54-8880E6930033}.Debug|Any CPU.ActiveCfg = Debug|Any CPU
		{BA445B79-F0D7-485A-AC54-8880E6930033}.Debug|Any CPU.Build.0 = Debug|Any CPU
		{BA445B79-F0D7-485A-AC54-8880E6930033}.Debug|ARM.ActiveCfg = Debug|Any CPU
		{BA445B79-F0D7-485A-AC54-8880E6930033}.Debug|iPhone.ActiveCfg = Debug|Any CPU
		{BA445B79-F0D7-485A-AC54-8880E6930033}.Debug|iPhone.Build.0 = Debug|Any CPU
		{BA445B79-F0D7-485A-AC54-8880E6930033}.Debug|iPhoneSimulator.ActiveCfg = Debug|Any CPU
		{BA445B79-F0D7-485A-AC54-8880E6930033}.Debug|iPhoneSimulator.Build.0 = Debug|Any CPU
		{BA445B79-F0D7-485A-AC54-8880E6930033}.Debug|Mixed Platforms.ActiveCfg = Debug|Any CPU
		{BA445B79-F0D7-485A-AC54-8880E6930033}.Debug|Mixed Platforms.Build.0 = Debug|Any CPU
		{BA445B79-F0D7-485A-AC54-8880E6930033}.Debug|x86.ActiveCfg = Debug|Any CPU
		{BA445B79-F0D7-485A-AC54-8880E6930033}.Release|Any CPU.ActiveCfg = Release|Any CPU
		{BA445B79-F0D7-485A-AC54-8880E6930033}.Release|Any CPU.Build.0 = Release|Any CPU
		{BA445B79-F0D7-485A-AC54-8880E6930033}.Release|ARM.ActiveCfg = Release|Any CPU
		{BA445B79-F0D7-485A-AC54-8880E6930033}.Release|iPhone.ActiveCfg = Release|Any CPU
		{BA445B79-F0D7-485A-AC54-8880E6930033}.Release|iPhone.Build.0 = Release|Any CPU
		{BA445B79-F0D7-485A-AC54-8880E6930033}.Release|iPhoneSimulator.ActiveCfg = Release|Any CPU
		{BA445B79-F0D7-485A-AC54-8880E6930033}.Release|iPhoneSimulator.Build.0 = Release|Any CPU
		{BA445B79-F0D7-485A-AC54-8880E6930033}.Release|Mixed Platforms.ActiveCfg = Release|Any CPU
		{BA445B79-F0D7-485A-AC54-8880E6930033}.Release|Mixed Platforms.Build.0 = Release|Any CPU
		{BA445B79-F0D7-485A-AC54-8880E6930033}.Release|x86.ActiveCfg = Release|Any CPU
	EndGlobalSection
	GlobalSection(SolutionProperties) = preSolution
		HideSolutionNode = FALSE
	EndGlobalSection
EndGlobal
